
Microsoft Visual Studio Solution File, Format Version 12.00
# Visual Studio 2017
Project("{FAE04EC0-301F-11D3-BF4B-00C04F79EFBC}") = "unity-parkour-game", "unity-parkour-game.csproj", "{2DBE14EA-4C71-AC74-D9EC-A23EF2485E87}"
EndProject
Global
	GlobalSection(SolutionConfigurationPlatforms) = preSolution
		Debug|Any CPU = Debug|Any CPU
		Release|Any CPU = Release|Any CPU
	EndGlobalSection
	GlobalSection(ProjectConfigurationPlatforms) = postSolution
		{2DBE14EA-4C71-AC74-D9EC-A23EF2485E87}.Debug|Any CPU.ActiveCfg = Debug|Any CPU
		{2DBE14EA-4C71-AC74-D9EC-A23EF2485E87}.Debug|Any CPU.Build.0 = Debug|Any CPU
		{2DBE14EA-4C71-AC74-D9EC-A23EF2485E87}.Release|Any CPU.ActiveCfg = Release|Any CPU
		{2DBE14EA-4C71-AC74-D9EC-A23EF2485E87}.Release|Any CPU.Build.0 = Release|Any CPU
	EndGlobalSection
	GlobalSection(SolutionProperties) = preSolution
		HideSolutionNode = FALSE
	EndGlobalSection
EndGlobal
